
Microsoft Visual Studio Solution File, Format Version 12.00
# Visual Studio Version 17
VisualStudioVersion = 17.9.34616.47
MinimumVisualStudioVersion = 10.0.40219.1
Project("{FAE04EC0-301F-11D3-BF4B-00C04F79EFBC}") = "MarsRover", "MarsRover.csproj", "{5B9148F8-271A-425E-B4D6-79C58A7EA9DA}"
EndProject
Global
	GlobalSection(SolutionConfigurationPlatforms) = preSolution
		Debug|Any CPU = Debug|Any CPU
		Release|Any CPU = Release|Any CPU
	EndGlobalSection
	GlobalSection(ProjectConfigurationPlatforms) = postSolution
		{5B9148F8-271A-425E-B4D6-79C58A7EA9DA}.Debug|Any CPU.ActiveCfg = Debug|Any CPU
		{5B9148F8-271A-425E-B4D6-79C58A7EA9DA}.Debug|Any CPU.Build.0 = Debug|Any CPU
		{5B9148F8-271A-425E-B4D6-79C58A7EA9DA}.Release|Any CPU.ActiveCfg = Release|Any CPU
		{5B9148F8-271A-425E-B4D6-79C58A7EA9DA}.Release|Any CPU.Build.0 = Release|Any CPU
	EndGlobalSection
	GlobalSection(SolutionProperties) = preSolution
		HideSolutionNode = FALSE
	EndGlobalSection
	GlobalSection(ExtensibilityGlobals) = postSolution
		SolutionGuid = {E7011A9E-25B0-49FD-87A2-A71521A6649D}
	EndGlobalSection
EndGlobal
